// !$*UTF8*$!
{
	archiveVersion = 1;
	classes = {
	};
	objectVersion = 50;
	objects = {

/* Begin PBXBuildFile section */
		C7BB07E4254921E7007C0608 /* ConcussionApp.swift in Sources */ = {isa = PBXBuildFile; fileRef = C7BB07E3254921E7007C0608 /* ConcussionApp.swift */; };
		C7BB07E6254921E7007C0608 /* ContentView.swift in Sources */ = {isa = PBXBuildFile; fileRef = C7BB07E5254921E7007C0608 /* ContentView.swift */; };
		C7BB07E8254921E9007C0608 /* Assets.xcassets in Resources */ = {isa = PBXBuildFile; fileRef = C7BB07E7254921E9007C0608 /* Assets.xcassets */; };
		C7BB07EB254921E9007C0608 /* Preview Assets.xcassets in Resources */ = {isa = PBXBuildFile; fileRef = C7BB07EA254921E9007C0608 /* Preview Assets.xcassets */; };
		C7BB07ED254921E9007C0608 /* Persistence.swift in Sources */ = {isa = PBXBuildFile; fileRef = C7BB07EC254921E9007C0608 /* Persistence.swift */; };
		C7BB07F0254921E9007C0608 /* Concussion.xcdatamodeld in Sources */ = {isa = PBXBuildFile; fileRef = C7BB07EE254921E9007C0608 /* Concussion.xcdatamodeld */; };
		C7BB07FB254921E9007C0608 /* ConcussionTests.swift in Sources */ = {isa = PBXBuildFile; fileRef = C7BB07FA254921E9007C0608 /* ConcussionTests.swift */; };
		C7BB0806254921E9007C0608 /* ConcussionUITests.swift in Sources */ = {isa = PBXBuildFile; fileRef = C7BB0805254921E9007C0608 /* ConcussionUITests.swift */; };
/* End PBXBuildFile section */

/* Begin PBXContainerItemProxy section */
		C7BB07F7254921E9007C0608 /* PBXContainerItemProxy */ = {
			isa = PBXContainerItemProxy;
			containerPortal = C7BB07D8254921E7007C0608 /* Project object */;
			proxyType = 1;
			remoteGlobalIDString = C7BB07DF254921E7007C0608;
			remoteInfo = Concussion;
		};
		C7BB0802254921E9007C0608 /* PBXContainerItemProxy */ = {
			isa = PBXContainerItemProxy;
			containerPortal = C7BB07D8254921E7007C0608 /* Project object */;
			proxyType = 1;
			remoteGlobalIDString = C7BB07DF254921E7007C0608;
			remoteInfo = Concussion;
		};
/* End PBXContainerItemProxy section */

/* Begin PBXFileReference section */
		C7BB07E0254921E7007C0608 /* Concussion.app */ = {isa = PBXFileReference; explicitFileType = wrapper.application; includeInIndex = 0; path = Concussion.app; sourceTree = BUILT_PRODUCTS_DIR; };
		C7BB07E3254921E7007C0608 /* ConcussionApp.swift */ = {isa = PBXFileReference; lastKnownFileType = sourcecode.swift; path = ConcussionApp.swift; sourceTree = "<group>"; };
		C7BB07E5254921E7007C0608 /* ContentView.swift */ = {isa = PBXFileReference; lastKnownFileType = sourcecode.swift; path = ContentView.swift; sourceTree = "<group>"; };
		C7BB07E7254921E9007C0608 /* Assets.xcassets */ = {isa = PBXFileReference; lastKnownFileType = folder.assetcatalog; path = Assets.xcassets; sourceTree = "<group>"; };
		C7BB07EA254921E9007C0608 /* Preview Assets.xcassets */ = {isa = PBXFileReference; lastKnownFileType = folder.assetcatalog; path = "Preview Assets.xcassets"; sourceTree = "<group>"; };
		C7BB07EC254921E9007C0608 /* Persistence.swift */ = {isa = PBXFileReference; lastKnownFileType = sourcecode.swift; path = Persistence.swift; sourceTree = "<group>"; };
		C7BB07EF254921E9007C0608 /* Concussion.xcdatamodel */ = {isa = PBXFileReference; lastKnownFileType = wrapper.xcdatamodel; path = Concussion.xcdatamodel; sourceTree = "<group>"; };
		C7BB07F1254921E9007C0608 /* Info.plist */ = {isa = PBXFileReference; lastKnownFileType = text.plist.xml; path = Info.plist; sourceTree = "<group>"; };
		C7BB07F6254921E9007C0608 /* ConcussionTests.xctest */ = {isa = PBXFileReference; explicitFileType = wrapper.cfbundle; includeInIndex = 0; path = ConcussionTests.xctest; sourceTree = BUILT_PRODUCTS_DIR; };
		C7BB07FA254921E9007C0608 /* ConcussionTests.swift */ = {isa = PBXFileReference; lastKnownFileType = sourcecode.swift; path = ConcussionTests.swift; sourceTree = "<group>"; };
		C7BB07FC254921E9007C0608 /* Info.plist */ = {isa = PBXFileReference; lastKnownFileType = text.plist.xml; path = Info.plist; sourceTree = "<group>"; };
		C7BB0801254921E9007C0608 /* ConcussionUITests.xctest */ = {isa = PBXFileReference; explicitFileType = wrapper.cfbundle; includeInIndex = 0; path = ConcussionUITests.xctest; sourceTree = BUILT_PRODUCTS_DIR; };
		C7BB0805254921E9007C0608 /* ConcussionUITests.swift */ = {isa = PBXFileReference; lastKnownFileType = sourcecode.swift; path = ConcussionUITests.swift; sourceTree = "<group>"; };
		C7BB0807254921EA007C0608 /* Info.plist */ = {isa = PBXFileReference; lastKnownFileType = text.plist.xml; path = Info.plist; sourceTree = "<group>"; };
/* End PBXFileReference section */

/* Begin PBXFrameworksBuildPhase section */
		C7BB07DD254921E7007C0608 /* Frameworks */ = {
			isa = PBXFrameworksBuildPhase;
			buildActionMask = 2147483647;
			files = (
			);
			runOnlyForDeploymentPostprocessing = 0;
		};
		C7BB07F3254921E9007C0608 /* Frameworks */ = {
			isa = PBXFrameworksBuildPhase;
			buildActionMask = 2147483647;
			files = (
			);
			runOnlyForDeploymentPostprocessing = 0;
		};
		C7BB07FE254921E9007C0608 /* Frameworks */ = {
			isa = PBXFrameworksBuildPhase;
			buildActionMask = 2147483647;
			files = (
			);
			runOnlyForDeploymentPostprocessing = 0;
		};
/* End PBXFrameworksBuildPhase section */

/* Begin PBXGroup section */
		C7BB07D7254921E7007C0608 = {
			isa = PBXGroup;
			children = (
				C7BB07E2254921E7007C0608 /* Concussion */,
				C7BB07F9254921E9007C0608 /* ConcussionTests */,
				C7BB0804254921E9007C0608 /* ConcussionUITests */,
				C7BB07E1254921E7007C0608 /* Products */,
			);
			sourceTree = "<group>";
		};
		C7BB07E1254921E7007C0608 /* Products */ = {
			isa = PBXGroup;
			children = (
				C7BB07E0254921E7007C0608 /* Concussion.app */,
				C7BB07F6254921E9007C0608 /* ConcussionTests.xctest */,
				C7BB0801254921E9007C0608 /* ConcussionUITests.xctest */,
			);
			name = Products;
			sourceTree = "<group>";
		};
		C7BB07E2254921E7007C0608 /* Concussion */ = {
			isa = PBXGroup;
			children = (
				C7BB07E3254921E7007C0608 /* ConcussionApp.swift */,
				C7BB07E5254921E7007C0608 /* ContentView.swift */,
				C7BB07E7254921E9007C0608 /* Assets.xcassets */,
				C7BB07EC254921E9007C0608 /* Persistence.swift */,
				C7BB07F1254921E9007C0608 /* Info.plist */,
				C7BB07EE254921E9007C0608 /* Concussion.xcdatamodeld */,
				C7BB07E9254921E9007C0608 /* Preview Content */,
			);
			path = Concussion;
			sourceTree = "<group>";
		};
		C7BB07E9254921E9007C0608 /* Preview Content */ = {
			isa = PBXGroup;
			children = (
				C7BB07EA254921E9007C0608 /* Preview Assets.xcassets */,
			);
			path = "Preview Content";
			sourceTree = "<group>";
		};
		C7BB07F9254921E9007C0608 /* ConcussionTests */ = {
			isa = PBXGroup;
			children = (
				C7BB07FA254921E9007C0608 /* ConcussionTests.swift */,
				C7BB07FC254921E9007C0608 /* Info.plist */,
			);
			path = ConcussionTests;
			sourceTree = "<group>";
		};
		C7BB0804254921E9007C0608 /* ConcussionUITests */ = {
			isa = PBXGroup;
			children = (
				C7BB0805254921E9007C0608 /* ConcussionUITests.swift */,
				C7BB0807254921EA007C0608 /* Info.plist */,
			);
			path = ConcussionUITests;
			sourceTree = "<group>";
		};
/* End PBXGroup section */

/* Begin PBXNativeTarget section */
		C7BB07DF254921E7007C0608 /* Concussion */ = {
			isa = PBXNativeTarget;
			buildConfigurationList = C7BB080A254921EA007C0608 /* Build configuration list for PBXNativeTarget "Concussion" */;
			buildPhases = (
				C7BB07DC254921E7007C0608 /* Sources */,
				C7BB07DD254921E7007C0608 /* Frameworks */,
				C7BB07DE254921E7007C0608 /* Resources */,
			);
			buildRules = (
			);
			dependencies = (
			);
			name = Concussion;
			productName = Concussion;
			productReference = C7BB07E0254921E7007C0608 /* Concussion.app */;
			productType = "com.apple.product-type.application";
		};
		C7BB07F5254921E9007C0608 /* ConcussionTests */ = {
			isa = PBXNativeTarget;
			buildConfigurationList = C7BB080D254921EA007C0608 /* Build configuration list for PBXNativeTarget "ConcussionTests" */;
			buildPhases = (
				C7BB07F2254921E9007C0608 /* Sources */,
				C7BB07F3254921E9007C0608 /* Frameworks */,
				C7BB07F4254921E9007C0608 /* Resources */,
			);
			buildRules = (
			);
			dependencies = (
				C7BB07F8254921E9007C0608 /* PBXTargetDependency */,
			);
			name = ConcussionTests;
			productName = ConcussionTests;
			productReference = C7BB07F6254921E9007C0608 /* ConcussionTests.xctest */;
			productType = "com.apple.product-type.bundle.unit-test";
		};
		C7BB0800254921E9007C0608 /* ConcussionUITests */ = {
			isa = PBXNativeTarget;
			buildConfigurationList = C7BB0810254921EA007C0608 /* Build configuration list for PBXNativeTarget "ConcussionUITests" */;
			buildPhases = (
				C7BB07FD254921E9007C0608 /* Sources */,
				C7BB07FE254921E9007C0608 /* Frameworks */,
				C7BB07FF254921E9007C0608 /* Resources */,
			);
			buildRules = (
			);
			dependencies = (
				C7BB0803254921E9007C0608 /* PBXTargetDependency */,
			);
			name = ConcussionUITests;
			productName = ConcussionUITests;
			productReference = C7BB0801254921E9007C0608 /* ConcussionUITests.xctest */;
			productType = "com.apple.product-type.bundle.ui-testing";
		};
/* End PBXNativeTarget section */

/* Begin PBXProject section */
		C7BB07D8254921E7007C0608 /* Project object */ = {
			isa = PBXProject;
			attributes = {
				LastSwiftUpdateCheck = 1200;
				LastUpgradeCheck = 1200;
				TargetAttributes = {
					C7BB07DF254921E7007C0608 = {
						CreatedOnToolsVersion = 12.0.1;
					};
					C7BB07F5254921E9007C0608 = {
						CreatedOnToolsVersion = 12.0.1;
						TestTargetID = C7BB07DF254921E7007C0608;
					};
					C7BB0800254921E9007C0608 = {
						CreatedOnToolsVersion = 12.0.1;
						TestTargetID = C7BB07DF254921E7007C0608;
					};
				};
			};
			buildConfigurationList = C7BB07DB254921E7007C0608 /* Build configuration list for PBXProject "Concussion" */;
			compatibilityVersion = "Xcode 9.3";
			developmentRegion = en;
			hasScannedForEncodings = 0;
			knownRegions = (
				en,
				Base,
			);
			mainGroup = C7BB07D7254921E7007C0608;
			productRefGroup = C7BB07E1254921E7007C0608 /* Products */;
			projectDirPath = "";
			projectRoot = "";
			targets = (
				C7BB07DF254921E7007C0608 /* Concussion */,
				C7BB07F5254921E9007C0608 /* ConcussionTests */,
				C7BB0800254921E9007C0608 /* ConcussionUITests */,
			);
		};
/* End PBXProject section */

/* Begin PBXResourcesBuildPhase section */
		C7BB07DE254921E7007C0608 /* Resources */ = {
			isa = PBXResourcesBuildPhase;
			buildActionMask = 2147483647;
			files = (
				C7BB07EB254921E9007C0608 /* Preview Assets.xcassets in Resources */,
				C7BB07E8254921E9007C0608 /* Assets.xcassets in Resources */,
			);
			runOnlyForDeploymentPostprocessing = 0;
		};
		C7BB07F4254921E9007C0608 /* Resources */ = {
			isa = PBXResourcesBuildPhase;
			buildActionMask = 2147483647;
			files = (
			);
			runOnlyForDeploymentPostprocessing = 0;
		};
		C7BB07FF254921E9007C0608 /* Resources */ = {
			isa = PBXResourcesBuildPhase;
			buildActionMask = 2147483647;
			files = (
			);
			runOnlyForDeploymentPostprocessing = 0;
		};
/* End PBXResourcesBuildPhase section */

/* Begin PBXSourcesBuildPhase section */
		C7BB07DC254921E7007C0608 /* Sources */ = {
			isa = PBXSourcesBuildPhase;
			buildActionMask = 2147483647;
			files = (
				C7BB07ED254921E9007C0608 /* Persistence.swift in Sources */,
				C7BB07E6254921E7007C0608 /* ContentView.swift in Sources */,
				C7BB07E4254921E7007C0608 /* ConcussionApp.swift in Sources */,
				C7BB07F0254921E9007C0608 /* Concussion.xcdatamodeld in Sources */,
			);
			runOnlyForDeploymentPostprocessing = 0;
		};
		C7BB07F2254921E9007C0608 /* Sources */ = {
			isa = PBXSourcesBuildPhase;
			buildActionMask = 2147483647;
			files = (
				C7BB07FB254921E9007C0608 /* ConcussionTests.swift in Sources */,
			);
			runOnlyForDeploymentPostprocessing = 0;
		};
		C7BB07FD254921E9007C0608 /* Sources */ = {
			isa = PBXSourcesBuildPhase;
			buildActionMask = 2147483647;
			files = (
				C7BB0806254921E9007C0608 /* ConcussionUITests.swift in Sources */,
			);
			runOnlyForDeploymentPostprocessing = 0;
		};
/* End PBXSourcesBuildPhase section */

/* Begin PBXTargetDependency section */
		C7BB07F8254921E9007C0608 /* PBXTargetDependency */ = {
			isa = PBXTargetDependency;
			target = C7BB07DF254921E7007C0608 /* Concussion */;
			targetProxy = C7BB07F7254921E9007C0608 /* PBXContainerItemProxy */;
		};
		C7BB0803254921E9007C0608 /* PBXTargetDependency */ = {
			isa = PBXTargetDependency;
			target = C7BB07DF254921E7007C0608 /* Concussion */;
			targetProxy = C7BB0802254921E9007C0608 /* PBXContainerItemProxy */;
		};
/* End PBXTargetDependency section */

/* Begin XCBuildConfiguration section */
		C7BB0808254921EA007C0608 /* Debug */ = {
			isa = XCBuildConfiguration;
			buildSettings = {
				ALWAYS_SEARCH_USER_PATHS = NO;
				CLANG_ANALYZER_NONNULL = YES;
				CLANG_ANALYZER_NUMBER_OBJECT_CONVERSION = YES_AGGRESSIVE;
				CLANG_CXX_LANGUAGE_STANDARD = "gnu++14";
				CLANG_CXX_LIBRARY = "libc++";
				CLANG_ENABLE_MODULES = YES;
				CLANG_ENABLE_OBJC_ARC = YES;
				CLANG_ENABLE_OBJC_WEAK = YES;
				CLANG_WARN_BLOCK_CAPTURE_AUTORELEASING = YES;
				CLANG_WARN_BOOL_CONVERSION = YES;
				CLANG_WARN_COMMA = YES;
				CLANG_WARN_CONSTANT_CONVERSION = YES;
				CLANG_WARN_DEPRECATED_OBJC_IMPLEMENTATIONS = YES;
				CLANG_WARN_DIRECT_OBJC_ISA_USAGE = YES_ERROR;
				CLANG_WARN_DOCUMENTATION_COMMENTS = YES;
				CLANG_WARN_EMPTY_BODY = YES;
				CLANG_WARN_ENUM_CONVERSION = YES;
				CLANG_WARN_INFINITE_RECURSION = YES;
				CLANG_WARN_INT_CONVERSION = YES;
				CLANG_WARN_NON_LITERAL_NULL_CONVERSION = YES;
				CLANG_WARN_OBJC_IMPLICIT_RETAIN_SELF = YES;
				CLANG_WARN_OBJC_LITERAL_CONVERSION = YES;
				CLANG_WARN_OBJC_ROOT_CLASS = YES_ERROR;
				CLANG_WARN_QUOTED_INCLUDE_IN_FRAMEWORK_HEADER = YES;
				CLANG_WARN_RANGE_LOOP_ANALYSIS = YES;
				CLANG_WARN_STRICT_PROTOTYPES = YES;
				CLANG_WARN_SUSPICIOUS_MOVE = YES;
				CLANG_WARN_UNGUARDED_AVAILABILITY = YES_AGGRESSIVE;
				CLANG_WARN_UNREACHABLE_CODE = YES;
				CLANG_WARN__DUPLICATE_METHOD_MATCH = YES;
				COPY_PHASE_STRIP = NO;
				DEBUG_INFORMATION_FORMAT = dwarf;
				ENABLE_STRICT_OBJC_MSGSEND = YES;
				ENABLE_TESTABILITY = YES;
				GCC_C_LANGUAGE_STANDARD = gnu11;
				GCC_DYNAMIC_NO_PIC = NO;
				GCC_NO_COMMON_BLOCKS = YES;
				GCC_OPTIMIZATION_LEVEL = 0;
				GCC_PREPROCESSOR_DEFINITIONS = (
					"DEBUG=1",
					"$(inherited)",
				);
				GCC_WARN_64_TO_32_BIT_CONVERSION = YES;
				GCC_WARN_ABOUT_RETURN_TYPE = YES_ERROR;
				GCC_WARN_UNDECLARED_SELECTOR = YES;
				GCC_WARN_UNINITIALIZED_AUTOS = YES_AGGRESSIVE;
				GCC_WARN_UNUSED_FUNCTION = YES;
				GCC_WARN_UNUSED_VARIABLE = YES;
				IPHONEOS_DEPLOYMENT_TARGET = 14.0;
				MTL_ENABLE_DEBUG_INFO = INCLUDE_SOURCE;
				MTL_FAST_MATH = YES;
				ONLY_ACTIVE_ARCH = YES;
				SDKROOT = iphoneos;
				SWIFT_ACTIVE_COMPILATION_CONDITIONS = DEBUG;
				SWIFT_OPTIMIZATION_LEVEL = "-Onone";
			};
			name = Debug;
		};
		C7BB0809254921EA007C0608 /* Release */ = {
			isa = XCBuildConfiguration;
			buildSettings = {
				ALWAYS_SEARCH_USER_PATHS = NO;
				CLANG_ANALYZER_NONNULL = YES;
				CLANG_ANALYZER_NUMBER_OBJECT_CONVERSION = YES_AGGRESSIVE;
				CLANG_CXX_LANGUAGE_STANDARD = "gnu++14";
				CLANG_CXX_LIBRARY = "libc++";
				CLANG_ENABLE_MODULES = YES;
				CLANG_ENABLE_OBJC_ARC = YES;
				CLANG_ENABLE_OBJC_WEAK = YES;
				CLANG_WARN_BLOCK_CAPTURE_AUTORELEASING = YES;
				CLANG_WARN_BOOL_CONVERSION = YES;
				CLANG_WARN_COMMA = YES;
				CLANG_WARN_CONSTANT_CONVERSION = YES;
				CLANG_WARN_DEPRECATED_OBJC_IMPLEMENTATIONS = YES;
				CLANG_WARN_DIRECT_OBJC_ISA_USAGE = YES_ERROR;
				CLANG_WARN_DOCUMENTATION_COMMENTS = YES;
				CLANG_WARN_EMPTY_BODY = YES;
				CLANG_WARN_ENUM_CONVERSION = YES;
				CLANG_WARN_INFINITE_RECURSION = YES;
				CLANG_WARN_INT_CONVERSION = YES;
				CLANG_WARN_NON_LITERAL_NULL_CONVERSION = YES;
				CLANG_WARN_OBJC_IMPLICIT_RETAIN_SELF = YES;
				CLANG_WARN_OBJC_LITERAL_CONVERSION = YES;
				CLANG_WARN_OBJC_ROOT_CLASS = YES_ERROR;
				CLANG_WARN_QUOTED_INCLUDE_IN_FRAMEWORK_HEADER = YES;
				CLANG_WARN_RANGE_LOOP_ANALYSIS = YES;
				CLANG_WARN_STRICT_PROTOTYPES = YES;
				CLANG_WARN_SUSPICIOUS_MOVE = YES;
				CLANG_WARN_UNGUARDED_AVAILABILITY = YES_AGGRESSIVE;
				CLANG_WARN_UNREACHABLE_CODE = YES;
				CLANG_WARN__DUPLICATE_METHOD_MATCH = YES;
				COPY_PHASE_STRIP = NO;
				DEBUG_INFORMATION_FORMAT = "dwarf-with-dsym";
				ENABLE_NS_ASSERTIONS = NO;
				ENABLE_STRICT_OBJC_MSGSEND = YES;
				GCC_C_LANGUAGE_STANDARD = gnu11;
				GCC_NO_COMMON_BLOCKS = YES;
				GCC_WARN_64_TO_32_BIT_CONVERSION = YES;
				GCC_WARN_ABOUT_RETURN_TYPE = YES_ERROR;
				GCC_WARN_UNDECLARED_SELECTOR = YES;
				GCC_WARN_UNINITIALIZED_AUTOS = YES_AGGRESSIVE;
				GCC_WARN_UNUSED_FUNCTION = YES;
				GCC_WARN_UNUSED_VARIABLE = YES;
				IPHONEOS_DEPLOYMENT_TARGET = 14.0;
				MTL_ENABLE_DEBUG_INFO = NO;
				MTL_FAST_MATH = YES;
				SDKROOT = iphoneos;
				SWIFT_COMPILATION_MODE = wholemodule;
				SWIFT_OPTIMIZATION_LEVEL = "-O";
				VALIDATE_PRODUCT = YES;
			};
			name = Release;
		};
		C7BB080B254921EA007C0608 /* Debug */ = {
			isa = XCBuildConfiguration;
			buildSettings = {
				ASSETCATALOG_COMPILER_APPICON_NAME = AppIcon;
				ASSETCATALOG_COMPILER_GLOBAL_ACCENT_COLOR_NAME = AccentColor;
				CODE_SIGN_STYLE = Automatic;
				DEVELOPMENT_ASSET_PATHS = "\"Concussion/Preview Content\"";
				ENABLE_PREVIEWS = YES;
				INFOPLIST_FILE = Concussion/Info.plist;
				IPHONEOS_DEPLOYMENT_TARGET = 14.0;
				LD_RUNPATH_SEARCH_PATHS = (
					"$(inherited)",
					"@executable_path/Frameworks",
				);
				PRODUCT_BUNDLE_IDENTIFIER = noel.Concussion;
				PRODUCT_NAME = "$(TARGET_NAME)";
				SWIFT_VERSION = 5.0;
				TARGETED_DEVICE_FAMILY = "1,2";
			};
			name = Debug;
		};
		C7BB080C254921EA007C0608 /* Release */ = {
			isa = XCBuildConfiguration;
			buildSettings = {
				ASSETCATALOG_COMPILER_APPICON_NAME = AppIcon;
				ASSETCATALOG_COMPILER_GLOBAL_ACCENT_COLOR_NAME = AccentColor;
				CODE_SIGN_STYLE = Automatic;
				DEVELOPMENT_ASSET_PATHS = "\"Concussion/Preview Content\"";
				ENABLE_PREVIEWS = YES;
				INFOPLIST_FILE = Concussion/Info.plist;
				IPHONEOS_DEPLOYMENT_TARGET = 14.0;
				LD_RUNPATH_SEARCH_PATHS = (
					"$(inherited)",
					"@executable_path/Frameworks",
				);
				PRODUCT_BUNDLE_IDENTIFIER = noel.Concussion;
				PRODUCT_NAME = "$(TARGET_NAME)";
				SWIFT_VERSION = 5.0;
				TARGETED_DEVICE_FAMILY = "1,2";
			};
			name = Release;
		};
		C7BB080E254921EA007C0608 /* Debug */ = {
			isa = XCBuildConfiguration;
			buildSettings = {
				ALWAYS_EMBED_SWIFT_STANDARD_LIBRARIES = YES;
				BUNDLE_LOADER = "$(TEST_HOST)";
				CODE_SIGN_STYLE = Automatic;
				INFOPLIST_FILE = ConcussionTests/Info.plist;
				IPHONEOS_DEPLOYMENT_TARGET = 14.0;
				LD_RUNPATH_SEARCH_PATHS = (
					"$(inherited)",
					"@executable_path/Frameworks",
					"@loader_path/Frameworks",
				);
				PRODUCT_BUNDLE_IDENTIFIER = noel.ConcussionTests;
				PRODUCT_NAME = "$(TARGET_NAME)";
				SWIFT_VERSION = 5.0;
				TARGETED_DEVICE_FAMILY = "1,2";
				TEST_HOST = "$(BUILT_PRODUCTS_DIR)/Concussion.app/Concussion";
			};
			name = Debug;
		};
		C7BB080F254921EA007C0608 /* Release */ = {
			isa = XCBuildConfiguration;
			buildSettings = {
				ALWAYS_EMBED_SWIFT_STANDARD_LIBRARIES = YES;
				BUNDLE_LOADER = "$(TEST_HOST)";
				CODE_SIGN_STYLE = Automatic;
				INFOPLIST_FILE = ConcussionTests/Info.plist;
				IPHONEOS_DEPLOYMENT_TARGET = 14.0;
				LD_RUNPATH_SEARCH_PATHS = (
					"$(inherited)",
					"@executable_path/Frameworks",
					"@loader_path/Frameworks",
				);
				PRODUCT_BUNDLE_IDENTIFIER = noel.ConcussionTests;
				PRODUCT_NAME = "$(TARGET_NAME)";
				SWIFT_VERSION = 5.0;
				TARGETED_DEVICE_FAMILY = "1,2";
				TEST_HOST = "$(BUILT_PRODUCTS_DIR)/Concussion.app/Concussion";
			};
			name = Release;
		};
		C7BB0811254921EA007C0608 /* Debug */ = {
			isa = XCBuildConfiguration;
			buildSettings = {
				ALWAYS_EMBED_SWIFT_STANDARD_LIBRARIES = YES;
				CODE_SIGN_STYLE = Automatic;
				INFOPLIST_FILE = ConcussionUITests/Info.plist;
				LD_RUNPATH_SEARCH_PATHS = (
					"$(inherited)",
					"@executable_path/Frameworks",
					"@loader_path/Frameworks",
				);
				PRODUCT_BUNDLE_IDENTIFIER = noel.ConcussionUITests;
				PRODUCT_NAME = "$(TARGET_NAME)";
				SWIFT_VERSION = 5.0;
				TARGETED_DEVICE_FAMILY = "1,2";
				TEST_TARGET_NAME = Concussion;
			};
			name = Debug;
		};
		C7BB0812254921EA007C0608 /* Release */ = {
			isa = XCBuildConfiguration;
			buildSettings = {
				ALWAYS_EMBED_SWIFT_STANDARD_LIBRARIES = YES;
				CODE_SIGN_STYLE = Automatic;
				INFOPLIST_FILE = ConcussionUITests/Info.plist;
				LD_RUNPATH_SEARCH_PATHS = (
					"$(inherited)",
					"@executable_path/Frameworks",
					"@loader_path/Frameworks",
				);
				PRODUCT_BUNDLE_IDENTIFIER = noel.ConcussionUITests;
				PRODUCT_NAME = "$(TARGET_NAME)";
				SWIFT_VERSION = 5.0;
				TARGETED_DEVICE_FAMILY = "1,2";
				TEST_TARGET_NAME = Concussion;
			};
			name = Release;
		};
/* End XCBuildConfiguration section */

/* Begin XCConfigurationList section */
		C7BB07DB254921E7007C0608 /* Build configuration list for PBXProject "Concussion" */ = {
			isa = XCConfigurationList;
			buildConfigurations = (
				C7BB0808254921EA007C0608 /* Debug */,
				C7BB0809254921EA007C0608 /* Release */,
			);
			defaultConfigurationIsVisible = 0;
			defaultConfigurationName = Release;
		};
		C7BB080A254921EA007C0608 /* Build configuration list for PBXNativeTarget "Concussion" */ = {
			isa = XCConfigurationList;
			buildConfigurations = (
				C7BB080B254921EA007C0608 /* Debug */,
				C7BB080C254921EA007C0608 /* Release */,
			);
			defaultConfigurationIsVisible = 0;
			defaultConfigurationName = Release;
		};
		C7BB080D254921EA007C0608 /* Build configuration list for PBXNativeTarget "ConcussionTests" */ = {
			isa = XCConfigurationList;
			buildConfigurations = (
				C7BB080E254921EA007C0608 /* Debug */,
				C7BB080F254921EA007C0608 /* Release */,
			);
			defaultConfigurationIsVisible = 0;
			defaultConfigurationName = Release;
		};
		C7BB0810254921EA007C0608 /* Build configuration list for PBXNativeTarget "ConcussionUITests" */ = {
			isa = XCConfigurationList;
			buildConfigurations = (
				C7BB0811254921EA007C0608 /* Debug */,
				C7BB0812254921EA007C0608 /* Release */,
			);
			defaultConfigurationIsVisible = 0;
			defaultConfigurationName = Release;
		};
/* End XCConfigurationList section */

/* Begin XCVersionGroup section */
		C7BB07EE254921E9007C0608 /* Concussion.xcdatamodeld */ = {
			isa = XCVersionGroup;
			children = (
				C7BB07EF254921E9007C0608 /* Concussion.xcdatamodel */,
			);
			currentVersion = C7BB07EF254921E9007C0608 /* Concussion.xcdatamodel */;
			path = Concussion.xcdatamodeld;
			sourceTree = "<group>";
			versionGroupType = wrapper.xcdatamodel;
		};
/* End XCVersionGroup section */
	};
	rootObject = C7BB07D8254921E7007C0608 /* Project object */;
}
